
Microsoft Visual Studio Solution File, Format Version 12.00
# Visual Studio Version 17
VisualStudioVersion = 17.5.002.0
MinimumVisualStudioVersion = 10.0.40219.1
Project("{9A19103F-16F7-4668-BE54-9A1E7A4F7556}") = "Palindromo", "Palindromo.csproj", "{15758CE4-39E5-47A8-A473-A9F7E6C2F98F}"
EndProject
Global
	GlobalSection(SolutionConfigurationPlatforms) = preSolution
		Debug|Any CPU = Debug|Any CPU
		Release|Any CPU = Release|Any CPU
	EndGlobalSection
	GlobalSection(ProjectConfigurationPlatforms) = postSolution
		{15758CE4-39E5-47A8-A473-A9F7E6C2F98F}.Debug|Any CPU.ActiveCfg = Debug|Any CPU
		{15758CE4-39E5-47A8-A473-A9F7E6C2F98F}.Debug|Any CPU.Build.0 = Debug|Any CPU
		{15758CE4-39E5-47A8-A473-A9F7E6C2F98F}.Release|Any CPU.ActiveCfg = Release|Any CPU
		{15758CE4-39E5-47A8-A473-A9F7E6C2F98F}.Release|Any CPU.Build.0 = Release|Any CPU
	EndGlobalSection
	GlobalSection(SolutionProperties) = preSolution
		HideSolutionNode = FALSE
	EndGlobalSection
	GlobalSection(ExtensibilityGlobals) = postSolution
		SolutionGuid = {365533DE-937B-4B37-9DFF-F10C85B4E366}
	EndGlobalSection
EndGlobal
