
Microsoft Visual Studio Solution File, Format Version 12.00
# Visual Studio Version 17
VisualStudioVersion = 17.5.002.0
MinimumVisualStudioVersion = 10.0.40219.1
Project("{9A19103F-16F7-4668-BE54-9A1E7A4F7556}") = "AñoBiciesto", "AñoBiciesto.csproj", "{59B1CC80-17B4-413D-B5C0-C18A6CD42658}"
EndProject
Global
	GlobalSection(SolutionConfigurationPlatforms) = preSolution
		Debug|Any CPU = Debug|Any CPU
		Release|Any CPU = Release|Any CPU
	EndGlobalSection
	GlobalSection(ProjectConfigurationPlatforms) = postSolution
		{59B1CC80-17B4-413D-B5C0-C18A6CD42658}.Debug|Any CPU.ActiveCfg = Debug|Any CPU
		{59B1CC80-17B4-413D-B5C0-C18A6CD42658}.Debug|Any CPU.Build.0 = Debug|Any CPU
		{59B1CC80-17B4-413D-B5C0-C18A6CD42658}.Release|Any CPU.ActiveCfg = Release|Any CPU
		{59B1CC80-17B4-413D-B5C0-C18A6CD42658}.Release|Any CPU.Build.0 = Release|Any CPU
	EndGlobalSection
	GlobalSection(SolutionProperties) = preSolution
		HideSolutionNode = FALSE
	EndGlobalSection
	GlobalSection(ExtensibilityGlobals) = postSolution
		SolutionGuid = {6645C2AF-647C-48ED-AB4C-28744D09445C}
	EndGlobalSection
EndGlobal
